
Microsoft Visual Studio Solution File, Format Version 12.00
# Visual Studio Version 17
VisualStudioVersion = 17.4.33020.496
MinimumVisualStudioVersion = 10.0.40219.1
Project("{9A19103F-16F7-4668-BE54-9A1E7A4F7556}") = "Doggo.Api", "Doggo.Api\Doggo.Api.csproj", "{36386E7D-7E66-4584-B177-FC3D3EA8411E}"
EndProject
Project("{9A19103F-16F7-4668-BE54-9A1E7A4F7556}") = "Doggo.Domain", "Doggo.Domain\Doggo.Domain.csproj", "{6487AD25-DB35-4BDA-A8D8-28CCB9C92E50}"
EndProject
Project("{9A19103F-16F7-4668-BE54-9A1E7A4F7556}") = "Doggo.Infrastructure", "Doggo.Infrastructure\Doggo.Infrastructure.csproj", "{E95932D5-A73F-4143-9265-F59572096AA1}"
EndProject
Global
	GlobalSection(SolutionConfigurationPlatforms) = preSolution
		Debug|Any CPU = Debug|Any CPU
		Release|Any CPU = Release|Any CPU
	EndGlobalSection
	GlobalSection(ProjectConfigurationPlatforms) = postSolution
		{36386E7D-7E66-4584-B177-FC3D3EA8411E}.Debug|Any CPU.ActiveCfg = Debug|Any CPU
		{36386E7D-7E66-4584-B177-FC3D3EA8411E}.Debug|Any CPU.Build.0 = Debug|Any CPU
		{36386E7D-7E66-4584-B177-FC3D3EA8411E}.Release|Any CPU.ActiveCfg = Release|Any CPU
		{36386E7D-7E66-4584-B177-FC3D3EA8411E}.Release|Any CPU.Build.0 = Release|Any CPU
		{6487AD25-DB35-4BDA-A8D8-28CCB9C92E50}.Debug|Any CPU.ActiveCfg = Debug|Any CPU
		{6487AD25-DB35-4BDA-A8D8-28CCB9C92E50}.Debug|Any CPU.Build.0 = Debug|Any CPU
		{6487AD25-DB35-4BDA-A8D8-28CCB9C92E50}.Release|Any CPU.ActiveCfg = Release|Any CPU
		{6487AD25-DB35-4BDA-A8D8-28CCB9C92E50}.Release|Any CPU.Build.0 = Release|Any CPU
		{E95932D5-A73F-4143-9265-F59572096AA1}.Debug|Any CPU.ActiveCfg = Debug|Any CPU
		{E95932D5-A73F-4143-9265-F59572096AA1}.Debug|Any CPU.Build.0 = Debug|Any CPU
		{E95932D5-A73F-4143-9265-F59572096AA1}.Release|Any CPU.ActiveCfg = Release|Any CPU
		{E95932D5-A73F-4143-9265-F59572096AA1}.Release|Any CPU.Build.0 = Release|Any CPU
	EndGlobalSection
	GlobalSection(SolutionProperties) = preSolution
		HideSolutionNode = FALSE
	EndGlobalSection
	GlobalSection(ExtensibilityGlobals) = postSolution
		SolutionGuid = {B74540B0-7DE8-4113-A33E-3D773D468368}
	EndGlobalSection
EndGlobal
